
Microsoft Visual Studio Solution File, Format Version 12.00
# Visual Studio 15
VisualStudioVersion = 15.0.27428.2027
MinimumVisualStudioVersion = 10.0.40219.1
Project("{8BC9CEB8-8B4A-11D0-8D11-00A0C91BC942}") = "RedirectToSocks5Service", "RedirectToSocks5Service.vcxproj", "{42E2B4DA-12FD-4102-8C16-348EDBFB0250}"
EndProject
Global
	GlobalSection(SolutionConfigurationPlatforms) = preSolution
		Debug|x86 = Debug|x86
	EndGlobalSection
	GlobalSection(ProjectConfigurationPlatforms) = postSolution
		{42E2B4DA-12FD-4102-8C16-348EDBFB0250}.Debug|x86.ActiveCfg = Debug|Win32
		{42E2B4DA-12FD-4102-8C16-348EDBFB0250}.Debug|x86.Build.0 = Debug|Win32
	EndGlobalSection
	GlobalSection(SolutionProperties) = preSolution
		HideSolutionNode = FALSE
	EndGlobalSection
	GlobalSection(ExtensibilityGlobals) = postSolution
		SolutionGuid = {4CB6C8AA-09D0-4117-9D42-4E02E3EA2C82}
	EndGlobalSection
EndGlobal
